
Microsoft Visual Studio Solution File, Format Version 12.00
# Visual Studio 15
VisualStudioVersion = 15.0.27004.2005
MinimumVisualStudioVersion = 10.0.40219.1
Project("{FAE04EC0-301F-11D3-BF4B-00C04F79EFBC}") = "ASPNETCoreIdentity", "WebApplication2\ASPNETCoreIdentity.csproj", "{37940CDC-4895-4E1D-8A75-4A3C38F5FFDA}"
EndProject
Global
	GlobalSection(SolutionConfigurationPlatforms) = preSolution
		Debug|Any CPU = Debug|Any CPU
		Release|Any CPU = Release|Any CPU
	EndGlobalSection
	GlobalSection(ProjectConfigurationPlatforms) = postSolution
		{37940CDC-4895-4E1D-8A75-4A3C38F5FFDA}.Debug|Any CPU.ActiveCfg = Debug|Any CPU
		{37940CDC-4895-4E1D-8A75-4A3C38F5FFDA}.Debug|Any CPU.Build.0 = Debug|Any CPU
		{37940CDC-4895-4E1D-8A75-4A3C38F5FFDA}.Release|Any CPU.ActiveCfg = Release|Any CPU
		{37940CDC-4895-4E1D-8A75-4A3C38F5FFDA}.Release|Any CPU.Build.0 = Release|Any CPU
	EndGlobalSection
	GlobalSection(SolutionProperties) = preSolution
		HideSolutionNode = FALSE
	EndGlobalSection
	GlobalSection(ExtensibilityGlobals) = postSolution
		SolutionGuid = {28CBA2D0-3A22-4D08-8939-8B69A8EE976E}
	EndGlobalSection
EndGlobal
